
Microsoft Visual Studio Solution File, Format Version 12.00
# Visual Studio Version 17
VisualStudioVersion = 17.9.34902.65
MinimumVisualStudioVersion = 10.0.40219.1
Project("{FAE04EC0-301F-11D3-BF4B-00C04F79EFBC}") = "okokokok", "okokokok\okokokok.csproj", "{CCEDFA05-7745-415D-814E-0FBF643C8881}"
EndProject
Global
	GlobalSection(SolutionConfigurationPlatforms) = preSolution
		Debug|Any CPU = Debug|Any CPU
		Release|Any CPU = Release|Any CPU
	EndGlobalSection
	GlobalSection(ProjectConfigurationPlatforms) = postSolution
		{CCEDFA05-7745-415D-814E-0FBF643C8881}.Debug|Any CPU.ActiveCfg = Debug|Any CPU
		{CCEDFA05-7745-415D-814E-0FBF643C8881}.Debug|Any CPU.Build.0 = Debug|Any CPU
		{CCEDFA05-7745-415D-814E-0FBF643C8881}.Release|Any CPU.ActiveCfg = Release|Any CPU
		{CCEDFA05-7745-415D-814E-0FBF643C8881}.Release|Any CPU.Build.0 = Release|Any CPU
	EndGlobalSection
	GlobalSection(SolutionProperties) = preSolution
		HideSolutionNode = FALSE
	EndGlobalSection
	GlobalSection(ExtensibilityGlobals) = postSolution
		SolutionGuid = {0918BF0E-891B-4E93-A65F-8C3B1EB47DCD}
	EndGlobalSection
EndGlobal
